
Microsoft Visual Studio Solution File, Format Version 12.00
# Visual Studio Version 16
VisualStudioVersion = 16.0.31911.196
MinimumVisualStudioVersion = 10.0.40219.1
Project("{FAE04EC0-301F-11D3-BF4B-00C04F79EFBC}") = "InpectionAppApi", "InpectionAppApi\InpectionAppApi.csproj", "{EA8D8A80-21EA-4F28-A1C0-0CC49D1DA6F7}"
EndProject
Global
	GlobalSection(SolutionConfigurationPlatforms) = preSolution
		Debug|Any CPU = Debug|Any CPU
		Release|Any CPU = Release|Any CPU
	EndGlobalSection
	GlobalSection(ProjectConfigurationPlatforms) = postSolution
		{EA8D8A80-21EA-4F28-A1C0-0CC49D1DA6F7}.Debug|Any CPU.ActiveCfg = Debug|Any CPU
		{EA8D8A80-21EA-4F28-A1C0-0CC49D1DA6F7}.Debug|Any CPU.Build.0 = Debug|Any CPU
		{EA8D8A80-21EA-4F28-A1C0-0CC49D1DA6F7}.Release|Any CPU.ActiveCfg = Release|Any CPU
		{EA8D8A80-21EA-4F28-A1C0-0CC49D1DA6F7}.Release|Any CPU.Build.0 = Release|Any CPU
	EndGlobalSection
	GlobalSection(SolutionProperties) = preSolution
		HideSolutionNode = FALSE
	EndGlobalSection
	GlobalSection(ExtensibilityGlobals) = postSolution
		SolutionGuid = {BD002C7E-DACC-4FD5-ADA4-3915C9154281}
	EndGlobalSection
EndGlobal
